
Microsoft Visual Studio Solution File, Format Version 12.00
# Visual Studio Version 16
VisualStudioVersion = 16.0.30523.141
MinimumVisualStudioVersion = 10.0.40219.1
Project("{FAE04EC0-301F-11D3-BF4B-00C04F79EFBC}") = "My_pro2.Android", "My_pro2\My_pro2.Android\My_pro2.Android.csproj", "{839E6958-2881-4644-B686-E424E16F029B}"
EndProject
Project("{FAE04EC0-301F-11D3-BF4B-00C04F79EFBC}") = "My_pro2.iOS", "My_pro2\My_pro2.iOS\My_pro2.iOS.csproj", "{17FF7278-F7B6-4A3B-A47F-6476B6BF33B0}"
EndProject
Project("{FAE04EC0-301F-11D3-BF4B-00C04F79EFBC}") = "My_pro2", "My_pro2\My_pro2\My_pro2.csproj", "{D9DB94A9-2300-4BD5-BFB5-1D017D75B12B}"
EndProject
Global
	GlobalSection(SolutionConfigurationPlatforms) = preSolution
		Debug|Any CPU = Debug|Any CPU
		Debug|iPhone = Debug|iPhone
		Debug|iPhoneSimulator = Debug|iPhoneSimulator
		Release|Any CPU = Release|Any CPU
		Release|iPhone = Release|iPhone
		Release|iPhoneSimulator = Release|iPhoneSimulator
	EndGlobalSection
	GlobalSection(ProjectConfigurationPlatforms) = postSolution
		{839E6958-2881-4644-B686-E424E16F029B}.Debug|Any CPU.ActiveCfg = Debug|Any CPU
		{839E6958-2881-4644-B686-E424E16F029B}.Debug|Any CPU.Build.0 = Debug|Any CPU
		{839E6958-2881-4644-B686-E424E16F029B}.Debug|Any CPU.Deploy.0 = Debug|Any CPU
		{839E6958-2881-4644-B686-E424E16F029B}.Debug|iPhone.ActiveCfg = Debug|Any CPU
		{839E6958-2881-4644-B686-E424E16F029B}.Debug|iPhone.Build.0 = Debug|Any CPU
		{839E6958-2881-4644-B686-E424E16F029B}.Debug|iPhone.Deploy.0 = Debug|Any CPU
		{839E6958-2881-4644-B686-E424E16F029B}.Debug|iPhoneSimulator.ActiveCfg = Debug|Any CPU
		{839E6958-2881-4644-B686-E424E16F029B}.Debug|iPhoneSimulator.Build.0 = Debug|Any CPU
		{839E6958-2881-4644-B686-E424E16F029B}.Debug|iPhoneSimulator.Deploy.0 = Debug|Any CPU
		{839E6958-2881-4644-B686-E424E16F029B}.Release|Any CPU.ActiveCfg = Release|Any CPU
		{839E6958-2881-4644-B686-E424E16F029B}.Release|Any CPU.Build.0 = Release|Any CPU
		{839E6958-2881-4644-B686-E424E16F029B}.Release|Any CPU.Deploy.0 = Release|Any CPU
		{839E6958-2881-4644-B686-E424E16F029B}.Release|iPhone.ActiveCfg = Release|Any CPU
		{839E6958-2881-4644-B686-E424E16F029B}.Release|iPhone.Build.0 = Release|Any CPU
		{839E6958-2881-4644-B686-E424E16F029B}.Release|iPhone.Deploy.0 = Release|Any CPU
		{839E6958-2881-4644-B686-E424E16F029B}.Release|iPhoneSimulator.ActiveCfg = Release|Any CPU
		{839E6958-2881-4644-B686-E424E16F029B}.Release|iPhoneSimulator.Build.0 = Release|Any CPU
		{839E6958-2881-4644-B686-E424E16F029B}.Release|iPhoneSimulator.Deploy.0 = Release|Any CPU
		{17FF7278-F7B6-4A3B-A47F-6476B6BF33B0}.Debug|Any CPU.ActiveCfg = Debug|iPhone
		{17FF7278-F7B6-4A3B-A47F-6476B6BF33B0}.Debug|Any CPU.Build.0 = Debug|iPhone
		{17FF7278-F7B6-4A3B-A47F-6476B6BF33B0}.Debug|Any CPU.Deploy.0 = Debug|iPhone
		{17FF7278-F7B6-4A3B-A47F-6476B6BF33B0}.Debug|iPhone.ActiveCfg = Debug|iPhone
		{17FF7278-F7B6-4A3B-A47F-6476B6BF33B0}.Debug|iPhone.Build.0 = Debug|iPhone
		{17FF7278-F7B6-4A3B-A47F-6476B6BF33B0}.Debug|iPhone.Deploy.0 = Debug|iPhone
		{17FF7278-F7B6-4A3B-A47F-6476B6BF33B0}.Debug|iPhoneSimulator.ActiveCfg = Debug|iPhoneSimulator
		{17FF7278-F7B6-4A3B-A47F-6476B6BF33B0}.Debug|iPhoneSimulator.Build.0 = Debug|iPhoneSimulator
		{17FF7278-F7B6-4A3B-A47F-6476B6BF33B0}.Debug|iPhoneSimulator.Deploy.0 = Debug|iPhoneSimulator
		{17FF7278-F7B6-4A3B-A47F-6476B6BF33B0}.Release|Any CPU.ActiveCfg = Release|iPhoneSimulator
		{17FF7278-F7B6-4A3B-A47F-6476B6BF33B0}.Release|Any CPU.Build.0 = Release|iPhoneSimulator
		{17FF7278-F7B6-4A3B-A47F-6476B6BF33B0}.Release|Any CPU.Deploy.0 = Release|iPhoneSimulator
		{17FF7278-F7B6-4A3B-A47F-6476B6BF33B0}.Release|iPhone.ActiveCfg = Release|iPhone
		{17FF7278-F7B6-4A3B-A47F-6476B6BF33B0}.Release|iPhone.Build.0 = Release|iPhone
		{17FF7278-F7B6-4A3B-A47F-6476B6BF33B0}.Release|iPhone.Deploy.0 = Release|iPhone
		{17FF7278-F7B6-4A3B-A47F-6476B6BF33B0}.Release|iPhoneSimulator.ActiveCfg = Release|iPhoneSimulator
		{17FF7278-F7B6-4A3B-A47F-6476B6BF33B0}.Release|iPhoneSimulator.Build.0 = Release|iPhoneSimulator
		{17FF7278-F7B6-4A3B-A47F-6476B6BF33B0}.Release|iPhoneSimulator.Deploy.0 = Release|iPhoneSimulator
		{D9DB94A9-2300-4BD5-BFB5-1D017D75B12B}.Debug|Any CPU.ActiveCfg = Debug|Any CPU
		{D9DB94A9-2300-4BD5-BFB5-1D017D75B12B}.Debug|Any CPU.Build.0 = Debug|Any CPU
		{D9DB94A9-2300-4BD5-BFB5-1D017D75B12B}.Debug|Any CPU.Deploy.0 = Debug|Any CPU
		{D9DB94A9-2300-4BD5-BFB5-1D017D75B12B}.Debug|iPhone.ActiveCfg = Debug|Any CPU
		{D9DB94A9-2300-4BD5-BFB5-1D017D75B12B}.Debug|iPhone.Build.0 = Debug|Any CPU
		{D9DB94A9-2300-4BD5-BFB5-1D017D75B12B}.Debug|iPhone.Deploy.0 = Debug|Any CPU
		{D9DB94A9-2300-4BD5-BFB5-1D017D75B12B}.Debug|iPhoneSimulator.ActiveCfg = Debug|Any CPU
		{D9DB94A9-2300-4BD5-BFB5-1D017D75B12B}.Debug|iPhoneSimulator.Build.0 = Debug|Any CPU
		{D9DB94A9-2300-4BD5-BFB5-1D017D75B12B}.Debug|iPhoneSimulator.Deploy.0 = Debug|Any CPU
		{D9DB94A9-2300-4BD5-BFB5-1D017D75B12B}.Release|Any CPU.ActiveCfg = Release|Any CPU
		{D9DB94A9-2300-4BD5-BFB5-1D017D75B12B}.Release|Any CPU.Build.0 = Release|Any CPU
		{D9DB94A9-2300-4BD5-BFB5-1D017D75B12B}.Release|Any CPU.Deploy.0 = Release|Any CPU
		{D9DB94A9-2300-4BD5-BFB5-1D017D75B12B}.Release|iPhone.ActiveCfg = Release|Any CPU
		{D9DB94A9-2300-4BD5-BFB5-1D017D75B12B}.Release|iPhone.Build.0 = Release|Any CPU
		{D9DB94A9-2300-4BD5-BFB5-1D017D75B12B}.Release|iPhone.Deploy.0 = Release|Any CPU
		{D9DB94A9-2300-4BD5-BFB5-1D017D75B12B}.Release|iPhoneSimulator.ActiveCfg = Release|Any CPU
		{D9DB94A9-2300-4BD5-BFB5-1D017D75B12B}.Release|iPhoneSimulator.Build.0 = Release|Any CPU
		{D9DB94A9-2300-4BD5-BFB5-1D017D75B12B}.Release|iPhoneSimulator.Deploy.0 = Release|Any CPU
	EndGlobalSection
	GlobalSection(SolutionProperties) = preSolution
		HideSolutionNode = FALSE
	EndGlobalSection
	GlobalSection(ExtensibilityGlobals) = postSolution
		SolutionGuid = {008EE7DB-4867-472A-B1A2-69B157469EEA}
	EndGlobalSection
EndGlobal
